
Microsoft Visual Studio Solution File, Format Version 12.00
# Visual Studio Version 16
VisualStudioVersion = 16.0.31005.135
MinimumVisualStudioVersion = 10.0.40219.1
Project("{FAE04EC0-301F-11D3-BF4B-00C04F79EFBC}") = "AspDotNetMVC", "AspDotNetMVC.csproj", "{7FD0502F-4470-4FFA-9C5E-719D2DDDB3C8}"
EndProject
Global
	GlobalSection(SolutionConfigurationPlatforms) = preSolution
		Debug|Any CPU = Debug|Any CPU
		Release|Any CPU = Release|Any CPU
	EndGlobalSection
	GlobalSection(ProjectConfigurationPlatforms) = postSolution
		{7FD0502F-4470-4FFA-9C5E-719D2DDDB3C8}.Debug|Any CPU.ActiveCfg = Debug|Any CPU
		{7FD0502F-4470-4FFA-9C5E-719D2DDDB3C8}.Debug|Any CPU.Build.0 = Debug|Any CPU
		{7FD0502F-4470-4FFA-9C5E-719D2DDDB3C8}.Release|Any CPU.ActiveCfg = Release|Any CPU
		{7FD0502F-4470-4FFA-9C5E-719D2DDDB3C8}.Release|Any CPU.Build.0 = Release|Any CPU
	EndGlobalSection
	GlobalSection(SolutionProperties) = preSolution
		HideSolutionNode = FALSE
	EndGlobalSection
	GlobalSection(ExtensibilityGlobals) = postSolution
		SolutionGuid = {743F241A-7DB1-4137-8425-0C0DDE2C2873}
	EndGlobalSection
EndGlobal
